
Microsoft Visual Studio Solution File, Format Version 12.00
Project("{FAE04EC0-301F-11D3-BF4B-00C04F79EFBC}") = "Bai04", "Bai04\Bai04.csproj", "{8A515470-4512-4FE9-AD72-7F5C62DE4C83}"
EndProject
Global
	GlobalSection(SolutionConfigurationPlatforms) = preSolution
		Debug|Any CPU = Debug|Any CPU
		Release|Any CPU = Release|Any CPU
	EndGlobalSection
	GlobalSection(ProjectConfigurationPlatforms) = postSolution
		{8A515470-4512-4FE9-AD72-7F5C62DE4C83}.Debug|Any CPU.ActiveCfg = Debug|Any CPU
		{8A515470-4512-4FE9-AD72-7F5C62DE4C83}.Debug|Any CPU.Build.0 = Debug|Any CPU
		{8A515470-4512-4FE9-AD72-7F5C62DE4C83}.Release|Any CPU.ActiveCfg = Release|Any CPU
		{8A515470-4512-4FE9-AD72-7F5C62DE4C83}.Release|Any CPU.Build.0 = Release|Any CPU
	EndGlobalSection
EndGlobal
