
Microsoft Visual Studio Solution File, Format Version 12.00
Project("{FAE04EC0-301F-11D3-BF4B-00C04F79EFBC}") = "example1", "example1\example1.csproj", "{2EB2AA6F-D91B-4814-9722-A9BB4B675295}"
EndProject
Global
	GlobalSection(SolutionConfigurationPlatforms) = preSolution
		Debug|Any CPU = Debug|Any CPU
		Release|Any CPU = Release|Any CPU
	EndGlobalSection
	GlobalSection(ProjectConfigurationPlatforms) = postSolution
		{2EB2AA6F-D91B-4814-9722-A9BB4B675295}.Debug|Any CPU.ActiveCfg = Debug|Any CPU
		{2EB2AA6F-D91B-4814-9722-A9BB4B675295}.Debug|Any CPU.Build.0 = Debug|Any CPU
		{2EB2AA6F-D91B-4814-9722-A9BB4B675295}.Release|Any CPU.ActiveCfg = Release|Any CPU
		{2EB2AA6F-D91B-4814-9722-A9BB4B675295}.Release|Any CPU.Build.0 = Release|Any CPU
	EndGlobalSection
EndGlobal
