
Microsoft Visual Studio Solution File, Format Version 12.00
Project("{FAE04EC0-301F-11D3-BF4B-00C04F79EFBC}") = "Training_Ex4", "Training_Ex4\Training_Ex4.csproj", "{010B96AB-402E-4C49-BFBF-306B1316BAFD}"
EndProject
Global
	GlobalSection(SolutionConfigurationPlatforms) = preSolution
		Debug|Any CPU = Debug|Any CPU
		Release|Any CPU = Release|Any CPU
	EndGlobalSection
	GlobalSection(ProjectConfigurationPlatforms) = postSolution
		{010B96AB-402E-4C49-BFBF-306B1316BAFD}.Debug|Any CPU.ActiveCfg = Debug|Any CPU
		{010B96AB-402E-4C49-BFBF-306B1316BAFD}.Debug|Any CPU.Build.0 = Debug|Any CPU
		{010B96AB-402E-4C49-BFBF-306B1316BAFD}.Release|Any CPU.ActiveCfg = Release|Any CPU
		{010B96AB-402E-4C49-BFBF-306B1316BAFD}.Release|Any CPU.Build.0 = Release|Any CPU
	EndGlobalSection
EndGlobal
